
Microsoft Visual Studio Solution File, Format Version 12.00
# Visual Studio Version 17
VisualStudioVersion = 17.14.36414.22
MinimumVisualStudioVersion = 10.0.40219.1
Project("{8BC9CEB8-8B4A-11D0-8D11-00A0C91BC942}") = "CppOopWelcomeProject", "CppOopWelcomeProject\CppOopWelcomeProject.vcxproj", "{6C7DAB45-300F-41C0-8EDC-E8C47E8C544D}"
EndProject
Project("{8BC9CEB8-8B4A-11D0-8D11-00A0C91BC942}") = "CppOopVectorProject", "CppOopVectorProject\CppOopVectorProject.vcxproj", "{8990CDD9-069D-4EDA-AFFE-5815FE9189B8}"
EndProject
Project("{8BC9CEB8-8B4A-11D0-8D11-00A0C91BC942}") = "CppOopToDoProject", "CppOopToDoProject\CppOopToDoProject.vcxproj", "{BA7937E4-7F42-4354-BAD9-D302AD0E5930}"
EndProject
Project("{8BC9CEB8-8B4A-11D0-8D11-00A0C91BC942}") = "CppOopFractionProject", "CppOopFractionProject\CppOopFractionProject.vcxproj", "{5ACB584D-E42A-4F6A-8BCF-C373A4BBBDD6}"
EndProject
Project("{8BC9CEB8-8B4A-11D0-8D11-00A0C91BC942}") = "CppOopCopyConstructorProject", "CppOopCopyConstructorProject\CppOopCopyConstructorProject.vcxproj", "{3694EE79-E291-4B5C-9EBD-E9B87E0C95CD}"
EndProject
Global
	GlobalSection(SolutionConfigurationPlatforms) = preSolution
		Debug|x64 = Debug|x64
		Debug|x86 = Debug|x86
		Release|x64 = Release|x64
		Release|x86 = Release|x86
	EndGlobalSection
	GlobalSection(ProjectConfigurationPlatforms) = postSolution
		{6C7DAB45-300F-41C0-8EDC-E8C47E8C544D}.Debug|x64.ActiveCfg = Debug|x64
		{6C7DAB45-300F-41C0-8EDC-E8C47E8C544D}.Debug|x64.Build.0 = Debug|x64
		{6C7DAB45-300F-41C0-8EDC-E8C47E8C544D}.Debug|x86.ActiveCfg = Debug|Win32
		{6C7DAB45-300F-41C0-8EDC-E8C47E8C544D}.Debug|x86.Build.0 = Debug|Win32
		{6C7DAB45-300F-41C0-8EDC-E8C47E8C544D}.Release|x64.ActiveCfg = Release|x64
		{6C7DAB45-300F-41C0-8EDC-E8C47E8C544D}.Release|x64.Build.0 = Release|x64
		{6C7DAB45-300F-41C0-8EDC-E8C47E8C544D}.Release|x86.ActiveCfg = Release|Win32
		{6C7DAB45-300F-41C0-8EDC-E8C47E8C544D}.Release|x86.Build.0 = Release|Win32
		{8990CDD9-069D-4EDA-AFFE-5815FE9189B8}.Debug|x64.ActiveCfg = Debug|x64
		{8990CDD9-069D-4EDA-AFFE-5815FE9189B8}.Debug|x64.Build.0 = Debug|x64
		{8990CDD9-069D-4EDA-AFFE-5815FE9189B8}.Debug|x86.ActiveCfg = Debug|Win32
		{8990CDD9-069D-4EDA-AFFE-5815FE9189B8}.Debug|x86.Build.0 = Debug|Win32
		{8990CDD9-069D-4EDA-AFFE-5815FE9189B8}.Release|x64.ActiveCfg = Release|x64
		{8990CDD9-069D-4EDA-AFFE-5815FE9189B8}.Release|x64.Build.0 = Release|x64
		{8990CDD9-069D-4EDA-AFFE-5815FE9189B8}.Release|x86.ActiveCfg = Release|Win32
		{8990CDD9-069D-4EDA-AFFE-5815FE9189B8}.Release|x86.Build.0 = Release|Win32
		{BA7937E4-7F42-4354-BAD9-D302AD0E5930}.Debug|x64.ActiveCfg = Debug|x64
		{BA7937E4-7F42-4354-BAD9-D302AD0E5930}.Debug|x64.Build.0 = Debug|x64
		{BA7937E4-7F42-4354-BAD9-D302AD0E5930}.Debug|x86.ActiveCfg = Debug|Win32
		{BA7937E4-7F42-4354-BAD9-D302AD0E5930}.Debug|x86.Build.0 = Debug|Win32
		{BA7937E4-7F42-4354-BAD9-D302AD0E5930}.Release|x64.ActiveCfg = Release|x64
		{BA7937E4-7F42-4354-BAD9-D302AD0E5930}.Release|x64.Build.0 = Release|x64
		{BA7937E4-7F42-4354-BAD9-D302AD0E5930}.Release|x86.ActiveCfg = Release|Win32
		{BA7937E4-7F42-4354-BAD9-D302AD0E5930}.Release|x86.Build.0 = Release|Win32
		{5ACB584D-E42A-4F6A-8BCF-C373A4BBBDD6}.Debug|x64.ActiveCfg = Debug|x64
		{5ACB584D-E42A-4F6A-8BCF-C373A4BBBDD6}.Debug|x64.Build.0 = Debug|x64
		{5ACB584D-E42A-4F6A-8BCF-C373A4BBBDD6}.Debug|x86.ActiveCfg = Debug|Win32
		{5ACB584D-E42A-4F6A-8BCF-C373A4BBBDD6}.Debug|x86.Build.0 = Debug|Win32
		{5ACB584D-E42A-4F6A-8BCF-C373A4BBBDD6}.Release|x64.ActiveCfg = Release|x64
		{5ACB584D-E42A-4F6A-8BCF-C373A4BBBDD6}.Release|x64.Build.0 = Release|x64
		{5ACB584D-E42A-4F6A-8BCF-C373A4BBBDD6}.Release|x86.ActiveCfg = Release|Win32
		{5ACB584D-E42A-4F6A-8BCF-C373A4BBBDD6}.Release|x86.Build.0 = Release|Win32
		{3694EE79-E291-4B5C-9EBD-E9B87E0C95CD}.Debug|x64.ActiveCfg = Debug|x64
		{3694EE79-E291-4B5C-9EBD-E9B87E0C95CD}.Debug|x64.Build.0 = Debug|x64
		{3694EE79-E291-4B5C-9EBD-E9B87E0C95CD}.Debug|x86.ActiveCfg = Debug|Win32
		{3694EE79-E291-4B5C-9EBD-E9B87E0C95CD}.Debug|x86.Build.0 = Debug|Win32
		{3694EE79-E291-4B5C-9EBD-E9B87E0C95CD}.Release|x64.ActiveCfg = Release|x64
		{3694EE79-E291-4B5C-9EBD-E9B87E0C95CD}.Release|x64.Build.0 = Release|x64
		{3694EE79-E291-4B5C-9EBD-E9B87E0C95CD}.Release|x86.ActiveCfg = Release|Win32
		{3694EE79-E291-4B5C-9EBD-E9B87E0C95CD}.Release|x86.Build.0 = Release|Win32
	EndGlobalSection
	GlobalSection(SolutionProperties) = preSolution
		HideSolutionNode = FALSE
	EndGlobalSection
	GlobalSection(ExtensibilityGlobals) = postSolution
		SolutionGuid = {FFF477E9-1081-4AC8-8A73-FF8851EC1E77}
	EndGlobalSection
EndGlobal
